
Microsoft Visual Studio Solution File, Format Version 12.00
# Visual Studio 15
VisualStudioVersion = 15.0.27130.2020
MinimumVisualStudioVersion = 10.0.40219.1
Project("{FAE04EC0-301F-11D3-BF4B-00C04F79EFBC}") = "Registration_project", "Registration_project\Registration_project.csproj", "{6DA09FA7-C10F-4702-BCA1-106133851FFD}"
EndProject
Global
	GlobalSection(SolutionConfigurationPlatforms) = preSolution
		Debug|Any CPU = Debug|Any CPU
		Release|Any CPU = Release|Any CPU
	EndGlobalSection
	GlobalSection(ProjectConfigurationPlatforms) = postSolution
		{6DA09FA7-C10F-4702-BCA1-106133851FFD}.Debug|Any CPU.ActiveCfg = Debug|Any CPU
		{6DA09FA7-C10F-4702-BCA1-106133851FFD}.Debug|Any CPU.Build.0 = Debug|Any CPU
		{6DA09FA7-C10F-4702-BCA1-106133851FFD}.Release|Any CPU.ActiveCfg = Release|Any CPU
		{6DA09FA7-C10F-4702-BCA1-106133851FFD}.Release|Any CPU.Build.0 = Release|Any CPU
	EndGlobalSection
	GlobalSection(SolutionProperties) = preSolution
		HideSolutionNode = FALSE
	EndGlobalSection
	GlobalSection(ExtensibilityGlobals) = postSolution
		SolutionGuid = {B1EED462-3228-42EA-B4F9-EB18F79C5A18}
	EndGlobalSection
EndGlobal
